
Microsoft Visual Studio Solution File, Format Version 12.00
# Visual Studio 15
VisualStudioVersion = 15.0.27130.2036
MinimumVisualStudioVersion = 10.0.40219.1
Project("{FAE04EC0-301F-11D3-BF4B-00C04F79EFBC}") = "RuntimeUnityEditor.Core", "RuntimeUnityEditor\RuntimeUnityEditor.Core.csproj", "{A66A97B4-F32F-4748-8332-48F0876F0AAC}"
EndProject
Project("{FAE04EC0-301F-11D3-BF4B-00C04F79EFBC}") = "RuntimeUnityEditor.Bepin4", "RuntimeUnityEditor.Bepin4\RuntimeUnityEditor.Bepin4.csproj", "{452F4984-2DD8-4FB6-8D43-A87B7A27323C}"
EndProject
Project("{FAE04EC0-301F-11D3-BF4B-00C04F79EFBC}") = "RuntimeUnityEditor.Bepin5", "RuntimeUnityEditor.Bepin5\RuntimeUnityEditor.Bepin5.csproj", "{E64CB875-BAFA-4B0F-BDC9-E33A15D5A87E}"
EndProject
Global
	GlobalSection(SolutionConfigurationPlatforms) = preSolution
		Debug|Any CPU = Debug|Any CPU
		Release|Any CPU = Release|Any CPU
	EndGlobalSection
	GlobalSection(ProjectConfigurationPlatforms) = postSolution
		{A66A97B4-F32F-4748-8332-48F0876F0AAC}.Debug|Any CPU.ActiveCfg = Debug|Any CPU
		{A66A97B4-F32F-4748-8332-48F0876F0AAC}.Debug|Any CPU.Build.0 = Debug|Any CPU
		{A66A97B4-F32F-4748-8332-48F0876F0AAC}.Release|Any CPU.ActiveCfg = Release|Any CPU
		{A66A97B4-F32F-4748-8332-48F0876F0AAC}.Release|Any CPU.Build.0 = Release|Any CPU
		{452F4984-2DD8-4FB6-8D43-A87B7A27323C}.Debug|Any CPU.ActiveCfg = Debug|Any CPU
		{452F4984-2DD8-4FB6-8D43-A87B7A27323C}.Debug|Any CPU.Build.0 = Debug|Any CPU
		{452F4984-2DD8-4FB6-8D43-A87B7A27323C}.Release|Any CPU.ActiveCfg = Release|Any CPU
		{452F4984-2DD8-4FB6-8D43-A87B7A27323C}.Release|Any CPU.Build.0 = Release|Any CPU
		{E64CB875-BAFA-4B0F-BDC9-E33A15D5A87E}.Debug|Any CPU.ActiveCfg = Debug|Any CPU
		{E64CB875-BAFA-4B0F-BDC9-E33A15D5A87E}.Debug|Any CPU.Build.0 = Debug|Any CPU
		{E64CB875-BAFA-4B0F-BDC9-E33A15D5A87E}.Release|Any CPU.ActiveCfg = Release|Any CPU
		{E64CB875-BAFA-4B0F-BDC9-E33A15D5A87E}.Release|Any CPU.Build.0 = Release|Any CPU
	EndGlobalSection
	GlobalSection(SolutionProperties) = preSolution
		HideSolutionNode = FALSE
	EndGlobalSection
	GlobalSection(ExtensibilityGlobals) = postSolution
		SolutionGuid = {19B0272D-3305-4C60-8DD9-E15889B2FF54}
	EndGlobalSection
EndGlobal
