
Microsoft Visual Studio Solution File, Format Version 12.00
# Visual Studio Version 17
VisualStudioVersion = 17.3.32825.248
MinimumVisualStudioVersion = 10.0.40219.1
Project("{FAE04EC0-301F-11D3-BF4B-00C04F79EFBC}") = "RuntimeUnityEditor.Core", "RuntimeUnityEditor\RuntimeUnityEditor.Core.csproj", "{A66A97B4-F32F-4748-8332-48F0876F0AAC}"
EndProject
Project("{FAE04EC0-301F-11D3-BF4B-00C04F79EFBC}") = "RuntimeUnityEditor.Bepin5", "RuntimeUnityEditor.Bepin5\RuntimeUnityEditor.Bepin5.csproj", "{E64CB875-BAFA-4B0F-BDC9-E33A15D5A87E}"
EndProject
Project("{FAE04EC0-301F-11D3-BF4B-00C04F79EFBC}") = "mcs", "modules\mcs\mcs\mcs.csproj", "{E4989E4C-0875-4528-9031-08E2C0E70103}"
EndProject
Project("{FAE04EC0-301F-11D3-BF4B-00C04F79EFBC}") = "RuntimeUnityEditor.UMM", "RuntimeUnityEditor.UMM\RuntimeUnityEditor.UMM.csproj", "{BD33CA70-24B9-4E80-908F-3E3A3C264904}"
EndProject
Global
	GlobalSection(SolutionConfigurationPlatforms) = preSolution
		Debug|Any CPU = Debug|Any CPU
		Debug|x64 = Debug|x64
		Release|Any CPU = Release|Any CPU
		Release|x64 = Release|x64
	EndGlobalSection
	GlobalSection(ProjectConfigurationPlatforms) = postSolution
		{A66A97B4-F32F-4748-8332-48F0876F0AAC}.Debug|Any CPU.ActiveCfg = Debug|Any CPU
		{A66A97B4-F32F-4748-8332-48F0876F0AAC}.Debug|Any CPU.Build.0 = Debug|Any CPU
		{A66A97B4-F32F-4748-8332-48F0876F0AAC}.Debug|x64.ActiveCfg = Debug|Any CPU
		{A66A97B4-F32F-4748-8332-48F0876F0AAC}.Debug|x64.Build.0 = Debug|Any CPU
		{A66A97B4-F32F-4748-8332-48F0876F0AAC}.Release|Any CPU.ActiveCfg = Release|Any CPU
		{A66A97B4-F32F-4748-8332-48F0876F0AAC}.Release|Any CPU.Build.0 = Release|Any CPU
		{A66A97B4-F32F-4748-8332-48F0876F0AAC}.Release|x64.ActiveCfg = Release|Any CPU
		{A66A97B4-F32F-4748-8332-48F0876F0AAC}.Release|x64.Build.0 = Release|Any CPU
		{E64CB875-BAFA-4B0F-BDC9-E33A15D5A87E}.Debug|Any CPU.ActiveCfg = Debug|Any CPU
		{E64CB875-BAFA-4B0F-BDC9-E33A15D5A87E}.Debug|Any CPU.Build.0 = Debug|Any CPU
		{E64CB875-BAFA-4B0F-BDC9-E33A15D5A87E}.Debug|x64.ActiveCfg = Debug|Any CPU
		{E64CB875-BAFA-4B0F-BDC9-E33A15D5A87E}.Debug|x64.Build.0 = Debug|Any CPU
		{E64CB875-BAFA-4B0F-BDC9-E33A15D5A87E}.Release|Any CPU.ActiveCfg = Release|Any CPU
		{E64CB875-BAFA-4B0F-BDC9-E33A15D5A87E}.Release|Any CPU.Build.0 = Release|Any CPU
		{E64CB875-BAFA-4B0F-BDC9-E33A15D5A87E}.Release|x64.ActiveCfg = Release|Any CPU
		{E64CB875-BAFA-4B0F-BDC9-E33A15D5A87E}.Release|x64.Build.0 = Release|Any CPU
		{E4989E4C-0875-4528-9031-08E2C0E70103}.Debug|Any CPU.ActiveCfg = Debug|Any CPU
		{E4989E4C-0875-4528-9031-08E2C0E70103}.Debug|Any CPU.Build.0 = Debug|Any CPU
		{E4989E4C-0875-4528-9031-08E2C0E70103}.Debug|x64.ActiveCfg = Debug|x64
		{E4989E4C-0875-4528-9031-08E2C0E70103}.Debug|x64.Build.0 = Debug|x64
		{E4989E4C-0875-4528-9031-08E2C0E70103}.Release|Any CPU.ActiveCfg = Release|Any CPU
		{E4989E4C-0875-4528-9031-08E2C0E70103}.Release|Any CPU.Build.0 = Release|Any CPU
		{E4989E4C-0875-4528-9031-08E2C0E70103}.Release|x64.ActiveCfg = Release|x64
		{E4989E4C-0875-4528-9031-08E2C0E70103}.Release|x64.Build.0 = Release|x64
		{BD33CA70-24B9-4E80-908F-3E3A3C264904}.Debug|Any CPU.ActiveCfg = Debug|Any CPU
		{BD33CA70-24B9-4E80-908F-3E3A3C264904}.Debug|Any CPU.Build.0 = Debug|Any CPU
		{BD33CA70-24B9-4E80-908F-3E3A3C264904}.Debug|x64.ActiveCfg = Debug|Any CPU
		{BD33CA70-24B9-4E80-908F-3E3A3C264904}.Debug|x64.Build.0 = Debug|Any CPU
		{BD33CA70-24B9-4E80-908F-3E3A3C264904}.Release|Any CPU.ActiveCfg = Release|Any CPU
		{BD33CA70-24B9-4E80-908F-3E3A3C264904}.Release|Any CPU.Build.0 = Release|Any CPU
		{BD33CA70-24B9-4E80-908F-3E3A3C264904}.Release|x64.ActiveCfg = Release|Any CPU
		{BD33CA70-24B9-4E80-908F-3E3A3C264904}.Release|x64.Build.0 = Release|Any CPU
	EndGlobalSection
	GlobalSection(SolutionProperties) = preSolution
		HideSolutionNode = FALSE
	EndGlobalSection
	GlobalSection(ExtensibilityGlobals) = postSolution
		SolutionGuid = {19B0272D-3305-4C60-8DD9-E15889B2FF54}
	EndGlobalSection
EndGlobal
